Microsoft Visual Studio Solution File, Format Version 12.00
# Visual Studio Version 17
VisualStudioVersion = 17.5.2.0
MinimumVisualStudioVersion = 10.0.40219.1
Project("{2150E333-8FDC-42A3-9474-1A3956D46DE8}") = "LawFirmAPI", "LawFirmAPI", "{55EDF57F-A80F-F6DE-B266-F7595CE61BDB}"
EndProject
Project("{FAE04EC0-301F-11D3-BF4B-00C04F79EFBC}") = "LawFirmAPI", "LawFirmAPI\LawFirmAPI\LawFirmAPI.csproj", "{54C28A29-200B-0809-0BF9-8801569417BB}"
EndProject
Global
	GlobalSection(SolutionConfigurationPlatforms) = preSolution
		Debug|Any CPU = Debug|Any CPU
		Release|Any CPU = Release|Any CPU
	EndGlobalSection
	GlobalSection(ProjectConfigurationPlatforms) = postSolution
		{54C28A29-200B-0809-0BF9-8801569417BB}.Debug|Any CPU.ActiveCfg = Debug|Any CPU
		{54C28A29-200B-0809-0BF9-8801569417BB}.Debug|Any CPU.Build.0 = Debug|Any CPU
		{54C28A29-200B-0809-0BF9-8801569417BB}.Release|Any CPU.ActiveCfg = Release|Any CPU
		{54C28A29-200B-0809-0BF9-8801569417BB}.Release|Any CPU.Build.0 = Release|Any CPU
	EndGlobalSection
	GlobalSection(SolutionProperties) = preSolution
		HideSolutionNode = FALSE
	EndGlobalSection
	GlobalSection(NestedProjects) = preSolution
		{54C28A29-200B-0809-0BF9-8801569417BB} = {55EDF57F-A80F-F6DE-B266-F7595CE61BDB}
	EndGlobalSection
	GlobalSection(ExtensibilityGlobals) = postSolution
		SolutionGuid = {55A78E68-FFBE-425A-BDAB-E889F568A9BF}
	EndGlobalSection
EndGlobal
